// !$*UTF8*$!
{
	archiveVersion = 1;
	classes = {
	};
	objectVersion = 50;
	objects = {

/* Begin PBXBuildFile section */
		D2097D1D23E4D2F300AED208 /* AppDelegate.swift in Sources */ = {isa = PBXBuildFile; fileRef = D2097D1C23E4D2F300AED208 /* AppDelegate.swift */; };
		D2097D1F23E4D2F400AED208 /* SceneDelegate.swift in Sources */ = {isa = PBXBuildFile; fileRef = D2097D1E23E4D2F400AED208 /* SceneDelegate.swift */; };
		D2097D2123E4D2F400AED208 /* ViewController.swift in Sources */ = {isa = PBXBuildFile; fileRef = D2097D2023E4D2F400AED208 /* ViewController.swift */; };
		D2097D2423E4D2F400AED208 /* Main.storyboard in Resources */ = {isa = PBXBuildFile; fileRef = D2097D2223E4D2F400AED208 /* Main.storyboard */; };
		D2097D2623E4D2F600AED208 /* Assets.xcassets in Resources */ = {isa = PBXBuildFile; fileRef = D2097D2523E4D2F600AED208 /* Assets.xcassets */; };
		D2097D2923E4D2F600AED208 /* LaunchScreen.storyboard in Resources */ = {isa = PBXBuildFile; fileRef = D2097D2723E4D2F600AED208 /* LaunchScreen.storyboard */; };
/* End PBXBuildFile section */

/* Begin PBXFileReference section */
		D2097D1923E4D2F300AED208 /* TestGithub.app */ = {isa = PBXFileReference; explicitFileType = wrapper.application; includeInIndex = 0; path = TestGithub.app; sourceTree = BUILT_PRODUCTS_DIR; };
		D2097D1C23E4D2F300AED208 /* AppDelegate.swift */ = {isa = PBXFileReference; lastKnownFileType = sourcecode.swift; path = AppDelegate.swift; sourceTree = "<group>"; };
		D2097D1E23E4D2F400AED208 /* SceneDelegate.swift */ = {isa = PBXFileReference; lastKnownFileType = sourcecode.swift; path = SceneDelegate.swift; sourceTree = "<group>"; };
		D2097D2023E4D2F400AED208 /* ViewController.swift */ = {isa = PBXFileReference; lastKnownFileType = sourcecode.swift; path = ViewController.swift; sourceTree = "<group>"; };
		D2097D2323E4D2F400AED208 /* Base */ = {isa = PBXFileReference; lastKnownFileType = file.storyboard; name = Base; path = Base.lproj/Main.storyboard; sourceTree = "<group>"; };
		D2097D2523E4D2F600AED208 /* Assets.xcassets */ = {isa = PBXFileReference; lastKnownFileType = folder.assetcatalog; path = Assets.xcassets; sourceTree = "<group>"; };
		D2097D2823E4D2F600AED208 /* Base */ = {isa = PBXFileReference; lastKnownFileType = file.storyboard; name = Base; path = Base.lproj/LaunchScreen.storyboard; sourceTree = "<group>"; };
		D2097D2A23E4D2F600AED208 /* Info.plist */ = {isa = PBXFileReference; lastKnownFileType = text.plist.xml; path = Info.plist; sourceTree = "<group>"; };
/* End PBXFileReference section */

/* Begin PBXFrameworksBuildPhase section */
		D2097D1623E4D2F300AED208 /* Frameworks */ = {
			isa = PBXFrameworksBuildPhase;
			buildActionMask = 2147483647;
			files = (
			);
			runOnlyForDeploymentPostprocessing = 0;
		};
/* End PBXFrameworksBuildPhase section */

/* Begin PBXGroup section */
		D2097D1023E4D2F300AED208 = {
			isa = PBXGroup;
			children = (
				D2097D1B23E4D2F300AED208 /* TestGithub */,
				D2097D1A23E4D2F300AED208 /* Products */,
			);
			sourceTree = "<group>";
		};
		D2097D1A23E4D2F300AED208 /* Products */ = {
			isa = PBXGroup;
			children = (
				D2097D1923E4D2F300AED208 /* TestGithub.app */,
			);
			name = Products;
			sourceTree = "<group>";
		};
		D2097D1B23E4D2F300AED208 /* TestGithub */ = {
			isa = PBXGroup;
			children = (
				D2097D1C23E4D2F300AED208 /* AppDelegate.swift */,
				D2097D1E23E4D2F400AED208 /* SceneDelegate.swift */,
				D2097D2023E4D2F400AED208 /* ViewController.swift */,
				D2097D2223E4D2F400AED208 /* Main.storyboard */,
				D2097D2523E4D2F600AED208 /* Assets.xcassets */,
				D2097D2723E4D2F600AED208 /* LaunchScreen.storyboard */,
				D2097D2A23E4D2F600AED208 /* Info.plist */,
			);
			path = TestGithub;
			sourceTree = "<group>";
		};
/* End PBXGroup section */

/* Begin PBXNativeTarget section */
		D2097D1823E4D2F300AED208 /* TestGithub */ = {
			isa = PBXNativeTarget;
			buildConfigurationList = D2097D2D23E4D2F600AED208 /* Build configuration list for PBXNativeTarget "TestGithub" */;
			buildPhases = (
				D2097D1523E4D2F300AED208 /* Sources */,
				D2097D1623E4D2F300AED208 /* Frameworks */,
				D2097D1723E4D2F300AED208 /* Resources */,
			);
			buildRules = (
			);
			dependencies = (
			);
			name = TestGithub;
			productName = TestGithub;
			productReference = D2097D1923E4D2F300AED208 /* TestGithub.app */;
			productType = "com.apple.product-type.application";
		};
/* End PBXNativeTarget section */

/* Begin PBXProject section */
		D2097D1123E4D2F300AED208 /* Project object */ = {
			isa = PBXProject;
			attributes = {
				LastSwiftUpdateCheck = 1120;
				LastUpgradeCheck = 1120;
				ORGANIZATIONNAME = Omsi;
				TargetAttributes = {
					D2097D1823E4D2F300AED208 = {
						CreatedOnToolsVersion = 11.2.1;
					};
				};
			};
			buildConfigurationList = D2097D1423E4D2F300AED208 /* Build configuration list for PBXProject "TestGithub" */;
			compatibilityVersion = "Xcode 9.3";
			developmentRegion = en;
			hasScannedForEncodings = 0;
			knownRegions = (
				en,
				Base,
			);
			mainGroup = D2097D1023E4D2F300AED208;
			productRefGroup = D2097D1A23E4D2F300AED208 /* Products */;
			projectDirPath = "";
			projectRoot = "";
			targets = (
				D2097D1823E4D2F300AED208 /* TestGithub */,
			);
		};
/* End PBXProject section */

/* Begin PBXResourcesBuildPhase section */
		D2097D1723E4D2F300AED208 /* Resources */ = {
			isa = PBXResourcesBuildPhase;
			buildActionMask = 2147483647;
			files = (
				D2097D2923E4D2F600AED208 /* LaunchScreen.storyboard in Resources */,
				D2097D2623E4D2F600AED208 /* Assets.xcassets in Resources */,
				D2097D2423E4D2F400AED208 /* Main.storyboard in Resources */,
			);
			runOnlyForDeploymentPostprocessing = 0;
		};
/* End PBXResourcesBuildPhase section */

/* Begin PBXSourcesBuildPhase section */
		D2097D1523E4D2F300AED208 /* Sources */ = {
			isa = PBXSourcesBuildPhase;
			buildActionMask = 2147483647;
			files = (
				D2097D2123E4D2F400AED208 /* ViewController.swift in Sources */,
				D2097D1D23E4D2F300AED208 /* AppDelegate.swift in Sources */,
				D2097D1F23E4D2F400AED208 /* SceneDelegate.swift in Sources */,
			);
			runOnlyForDeploymentPostprocessing = 0;
		};
/* End PBXSourcesBuildPhase section */

/* Begin PBXVariantGroup section */
		D2097D2223E4D2F400AED208 /* Main.storyboard */ = {
			isa = PBXVariantGroup;
			children = (
				D2097D2323E4D2F400AED208 /* Base */,
			);
			name = Main.storyboard;
			sourceTree = "<group>";
		};
		D2097D2723E4D2F600AED208 /* LaunchScreen.storyboard */ = {
			isa = PBXVariantGroup;
			children = (
				D2097D2823E4D2F600AED208 /* Base */,
			);
			name = LaunchScreen.storyboard;
			sourceTree = "<group>";
		};
/* End PBXVariantGroup section */

/* Begin XCBuildConfiguration section */
		D2097D2B23E4D2F600AED208 /* Debug */ = {
			isa = XCBuildConfiguration;
			buildSettings = {
				ALWAYS_SEARCH_USER_PATHS = NO;
				CLANG_ANALYZER_NONNULL = YES;
				CLANG_ANALYZER_NUMBER_OBJECT_CONVERSION = YES_AGGRESSIVE;
				CLANG_CXX_LANGUAGE_STANDARD = "gnu++14";
				CLANG_CXX_LIBRARY = "libc++";
				CLANG_ENABLE_MODULES = YES;
				CLANG_ENABLE_OBJC_ARC = YES;
				CLANG_ENABLE_OBJC_WEAK = YES;
				CLANG_WARN_BLOCK_CAPTURE_AUTORELEASING = YES;
				CLANG_WARN_BOOL_CONVERSION = YES;
				CLANG_WARN_COMMA = YES;
				CLANG_WARN_CONSTANT_CONVERSION = YES;
				CLANG_WARN_DEPRECATED_OBJC_IMPLEMENTATIONS = YES;
				CLANG_WARN_DIRECT_OBJC_ISA_USAGE = YES_ERROR;
				CLANG_WARN_DOCUMENTATION_COMMENTS = YES;
				CLANG_WARN_EMPTY_BODY = YES;
				CLANG_WARN_ENUM_CONVERSION = YES;
				CLANG_WARN_INFINITE_RECURSION = YES;
				CLANG_WARN_INT_CONVERSION = YES;
				CLANG_WARN_NON_LITERAL_NULL_CONVERSION = YES;
				CLANG_WARN_OBJC_IMPLICIT_RETAIN_SELF = YES;
				CLANG_WARN_OBJC_LITERAL_CONVERSION = YES;
				CLANG_WARN_OBJC_ROOT_CLASS = YES_ERROR;
				CLANG_WARN_RANGE_LOOP_ANALYSIS = YES;
				CLANG_WARN_STRICT_PROTOTYPES = YES;
				CLANG_WARN_SUSPICIOUS_MOVE = YES;
				CLANG_WARN_UNGUARDED_AVAILABILITY = YES_AGGRESSIVE;
				CLANG_WARN_UNREACHABLE_CODE = YES;
				CLANG_WARN__DUPLICATE_METHOD_MATCH = YES;
				COPY_PHASE_STRIP = NO;
				DEBUG_INFORMATION_FORMAT = dwarf;
				ENABLE_STRICT_OBJC_MSGSEND = YES;
				ENABLE_TESTABILITY = YES;
				GCC_C_LANGUAGE_STANDARD = gnu11;
				GCC_DYNAMIC_NO_PIC = NO;
				GCC_NO_COMMON_BLOCKS = YES;
				GCC_OPTIMIZATION_LEVEL = 0;
				GCC_PREPROCESSOR_DEFINITIONS = (
					"DEBUG=1",
					"$(inherited)",
				);
				GCC_WARN_64_TO_32_BIT_CONVERSION = YES;
				GCC_WARN_ABOUT_RETURN_TYPE = YES_ERROR;
				GCC_WARN_UNDECLARED_SELECTOR = YES;
				GCC_WARN_UNINITIALIZED_AUTOS = YES_AGGRESSIVE;
				GCC_WARN_UNUSED_FUNCTION = YES;
				GCC_WARN_UNUSED_VARIABLE = YES;
				IPHONEOS_DEPLOYMENT_TARGET = 13.2;
				MTL_ENABLE_DEBUG_INFO = INCLUDE_SOURCE;
				MTL_FAST_MATH = YES;
				ONLY_ACTIVE_ARCH = YES;
				SDKROOT = iphoneos;
				SWIFT_ACTIVE_COMPILATION_CONDITIONS = DEBUG;
				SWIFT_OPTIMIZATION_LEVEL = "-Onone";
			};
			name = Debug;
		};
		D2097D2C23E4D2F600AED208 /* Release */ = {
			isa = XCBuildConfiguration;
			buildSettings = {
				ALWAYS_SEARCH_USER_PATHS = NO;
				CLANG_ANALYZER_NONNULL = YES;
				CLANG_ANALYZER_NUMBER_OBJECT_CONVERSION = YES_AGGRESSIVE;
				CLANG_CXX_LANGUAGE_STANDARD = "gnu++14";
				CLANG_CXX_LIBRARY = "libc++";
				CLANG_ENABLE_MODULES = YES;
				CLANG_ENABLE_OBJC_ARC = YES;
				CLANG_ENABLE_OBJC_WEAK = YES;
				CLANG_WARN_BLOCK_CAPTURE_AUTORELEASING = YES;
				CLANG_WARN_BOOL_CONVERSION = YES;
				CLANG_WARN_COMMA = YES;
				CLANG_WARN_CONSTANT_CONVERSION = YES;
				CLANG_WARN_DEPRECATED_OBJC_IMPLEMENTATIONS = YES;
				CLANG_WARN_DIRECT_OBJC_ISA_USAGE = YES_ERROR;
				CLANG_WARN_DOCUMENTATION_COMMENTS = YES;
				CLANG_WARN_EMPTY_BODY = YES;
				CLANG_WARN_ENUM_CONVERSION = YES;
				CLANG_WARN_INFINITE_RECURSION = YES;
				CLANG_WARN_INT_CONVERSION = YES;
				CLANG_WARN_NON_LITERAL_NULL_CONVERSION = YES;
				CLANG_WARN_OBJC_IMPLICIT_RETAIN_SELF = YES;
				CLANG_WARN_OBJC_LITERAL_CONVERSION = YES;
				CLANG_WARN_OBJC_ROOT_CLASS = YES_ERROR;
				CLANG_WARN_RANGE_LOOP_ANALYSIS = YES;
				CLANG_WARN_STRICT_PROTOTYPES = YES;
				CLANG_WARN_SUSPICIOUS_MOVE = YES;
				CLANG_WARN_UNGUARDED_AVAILABILITY = YES_AGGRESSIVE;
				CLANG_WARN_UNREACHABLE_CODE = YES;
				CLANG_WARN__DUPLICATE_METHOD_MATCH = YES;
				COPY_PHASE_STRIP = NO;
				DEBUG_INFORMATION_FORMAT = "dwarf-with-dsym";
				ENABLE_NS_ASSERTIONS = NO;
				ENABLE_STRICT_OBJC_MSGSEND = YES;
				GCC_C_LANGUAGE_STANDARD = gnu11;
				GCC_NO_COMMON_BLOCKS = YES;
				GCC_WARN_64_TO_32_BIT_CONVERSION = YES;
				GCC_WARN_ABOUT_RETURN_TYPE = YES_ERROR;
				GCC_WARN_UNDECLARED_SELECTOR = YES;
				GCC_WARN_UNINITIALIZED_AUTOS = YES_AGGRESSIVE;
				GCC_WARN_UNUSED_FUNCTION = YES;
				GCC_WARN_UNUSED_VARIABLE = YES;
				IPHONEOS_DEPLOYMENT_TARGET = 13.2;
				MTL_ENABLE_DEBUG_INFO = NO;
				MTL_FAST_MATH = YES;
				SDKROOT = iphoneos;
				SWIFT_COMPILATION_MODE = wholemodule;
				SWIFT_OPTIMIZATION_LEVEL = "-O";
				VALIDATE_PRODUCT = YES;
			};
			name = Release;
		};
		D2097D2E23E4D2F600AED208 /* Debug */ = {
			isa = XCBuildConfiguration;
			buildSettings = {
				ASSETCATALOG_COMPILER_APPICON_NAME = AppIcon;
				CODE_SIGN_STYLE = Automatic;
				DEVELOPMENT_TEAM = 9VCECTYT2E;
				INFOPLIST_FILE = TestGithub/Info.plist;
				LD_RUNPATH_SEARCH_PATHS = (
					"$(inherited)",
					"@executable_path/Frameworks",
				);
				PRODUCT_BUNDLE_IDENTIFIER = com.Omsi.TestGithub;
				PRODUCT_NAME = "$(TARGET_NAME)";
				SWIFT_VERSION = 5.0;
				TARGETED_DEVICE_FAMILY = "1,2";
			};
			name = Debug;
		};
		D2097D2F23E4D2F600AED208 /* Release */ = {
			isa = XCBuildConfiguration;
			buildSettings = {
				ASSETCATALOG_COMPILER_APPICON_NAME = AppIcon;
				CODE_SIGN_STYLE = Automatic;
				DEVELOPMENT_TEAM = 9VCECTYT2E;
				INFOPLIST_FILE = TestGithub/Info.plist;
				LD_RUNPATH_SEARCH_PATHS = (
					"$(inherited)",
					"@executable_path/Frameworks",
				);
				PRODUCT_BUNDLE_IDENTIFIER = com.Omsi.TestGithub;
				PRODUCT_NAME = "$(TARGET_NAME)";
				SWIFT_VERSION = 5.0;
				TARGETED_DEVICE_FAMILY = "1,2";
			};
			name = Release;
		};
/* End XCBuildConfiguration section */

/* Begin XCConfigurationList section */
		D2097D1423E4D2F300AED208 /* Build configuration list for PBXProject "TestGithub" */ = {
			isa = XCConfigurationList;
			buildConfigurations = (
				D2097D2B23E4D2F600AED208 /* Debug */,
				D2097D2C23E4D2F600AED208 /* Release */,
			);
			defaultConfigurationIsVisible = 0;
			defaultConfigurationName = Release;
		};
		D2097D2D23E4D2F600AED208 /* Build configuration list for PBXNativeTarget "TestGithub" */ = {
			isa = XCConfigurationList;
			buildConfigurations = (
				D2097D2E23E4D2F600AED208 /* Debug */,
				D2097D2F23E4D2F600AED208 /* Release */,
			);
			defaultConfigurationIsVisible = 0;
			defaultConfigurationName = Release;
		};
/* End XCConfigurationList section */
	};
	rootObject = D2097D1123E4D2F300AED208 /* Project object */;
}
